
Microsoft Visual Studio Solution File, Format Version 12.00
# Visual Studio Version 16
VisualStudioVersion = 16.0.30204.135
MinimumVisualStudioVersion = 15.0.26124.0
Project("{9A19103F-16F7-4668-BE54-9A1E7A4F7556}") = "CSharpLanguageTester", "CSharpLanguageTester\CSharpLanguageTester.csproj", "{4A2F94BA-736E-4FFC-9EBB-EC7626865EBC}"
EndProject
Project("{9A19103F-16F7-4668-BE54-9A1E7A4F7556}") = "CSharpLanguageTester.Tests", "CSharpLanguageTester.Tests\CSharpLanguageTester.Tests.csproj", "{88467299-1FB5-47B3-BFF7-B81B1FFF0997}"
EndProject
Global
	GlobalSection(SolutionConfigurationPlatforms) = preSolution
		Debug|Any CPU = Debug|Any CPU
		Debug|x64 = Debug|x64
		Debug|x86 = Debug|x86
		Release|Any CPU = Release|Any CPU
		Release|x64 = Release|x64
		Release|x86 = Release|x86
	EndGlobalSection
	GlobalSection(ProjectConfigurationPlatforms) = postSolution
		{4A2F94BA-736E-4FFC-9EBB-EC7626865EBC}.Debug|Any CPU.ActiveCfg = Debug|Any CPU
		{4A2F94BA-736E-4FFC-9EBB-EC7626865EBC}.Debug|Any CPU.Build.0 = Debug|Any CPU
		{4A2F94BA-736E-4FFC-9EBB-EC7626865EBC}.Debug|x64.ActiveCfg = Debug|Any CPU
		{4A2F94BA-736E-4FFC-9EBB-EC7626865EBC}.Debug|x64.Build.0 = Debug|Any CPU
		{4A2F94BA-736E-4FFC-9EBB-EC7626865EBC}.Debug|x86.ActiveCfg = Debug|Any CPU
		{4A2F94BA-736E-4FFC-9EBB-EC7626865EBC}.Debug|x86.Build.0 = Debug|Any CPU
		{4A2F94BA-736E-4FFC-9EBB-EC7626865EBC}.Release|Any CPU.ActiveCfg = Release|Any CPU
		{4A2F94BA-736E-4FFC-9EBB-EC7626865EBC}.Release|Any CPU.Build.0 = Release|Any CPU
		{4A2F94BA-736E-4FFC-9EBB-EC7626865EBC}.Release|x64.ActiveCfg = Release|Any CPU
		{4A2F94BA-736E-4FFC-9EBB-EC7626865EBC}.Release|x64.Build.0 = Release|Any CPU
		{4A2F94BA-736E-4FFC-9EBB-EC7626865EBC}.Release|x86.ActiveCfg = Release|Any CPU
		{4A2F94BA-736E-4FFC-9EBB-EC7626865EBC}.Release|x86.Build.0 = Release|Any CPU
		{88467299-1FB5-47B3-BFF7-B81B1FFF0997}.Debug|Any CPU.ActiveCfg = Debug|Any CPU
		{88467299-1FB5-47B3-BFF7-B81B1FFF0997}.Debug|Any CPU.Build.0 = Debug|Any CPU
		{88467299-1FB5-47B3-BFF7-B81B1FFF0997}.Debug|x64.ActiveCfg = Debug|Any CPU
		{88467299-1FB5-47B3-BFF7-B81B1FFF0997}.Debug|x64.Build.0 = Debug|Any CPU
		{88467299-1FB5-47B3-BFF7-B81B1FFF0997}.Debug|x86.ActiveCfg = Debug|Any CPU
		{88467299-1FB5-47B3-BFF7-B81B1FFF0997}.Debug|x86.Build.0 = Debug|Any CPU
		{88467299-1FB5-47B3-BFF7-B81B1FFF0997}.Release|Any CPU.ActiveCfg = Release|Any CPU
		{88467299-1FB5-47B3-BFF7-B81B1FFF0997}.Release|Any CPU.Build.0 = Release|Any CPU
		{88467299-1FB5-47B3-BFF7-B81B1FFF0997}.Release|x64.ActiveCfg = Release|Any CPU
		{88467299-1FB5-47B3-BFF7-B81B1FFF0997}.Release|x64.Build.0 = Release|Any CPU
		{88467299-1FB5-47B3-BFF7-B81B1FFF0997}.Release|x86.ActiveCfg = Release|Any CPU
		{88467299-1FB5-47B3-BFF7-B81B1FFF0997}.Release|x86.Build.0 = Release|Any CPU
	EndGlobalSection
	GlobalSection(SolutionProperties) = preSolution
		HideSolutionNode = FALSE
	EndGlobalSection
	GlobalSection(ExtensibilityGlobals) = postSolution
		SolutionGuid = {F35E9EE3-0DB2-4A58-B196-89EEDCB9F631}
	EndGlobalSection
EndGlobal
